
Microsoft Visual Studio Solution File, Format Version 11.00
# Visual Studio 2010
Project("{E24C65DC-7377-472B-9ABA-BC803B73C61A}") = "Website", "Website\", "{081D2A01-D37A-4841-89C9-D8D8518329BC}"
	ProjectSection(WebsiteProperties) = preProject
		TargetFrameworkMoniker = ".NETFramework,Version%3Dv4.0"
		Debug.AspNetCompiler.VirtualPath = "/Website"
		Debug.AspNetCompiler.PhysicalPath = "..\..\..\..\..\..\Development\Coventry\M32COM\Assignment_1\Website\"
		Debug.AspNetCompiler.TargetPath = "PrecompiledWeb\Website\"
		Debug.AspNetCompiler.Updateable = "true"
		Debug.AspNetCompiler.ForceOverwrite = "true"
		Debug.AspNetCompiler.FixedNames = "false"
		Debug.AspNetCompiler.Debug = "True"
		Release.AspNetCompiler.VirtualPath = "/Website"
		Release.AspNetCompiler.PhysicalPath = "..\..\..\..\..\..\Development\Coventry\M32COM\Assignment_1\Website\"
		Release.AspNetCompiler.TargetPath = "PrecompiledWeb\Website\"
		Release.AspNetCompiler.Updateable = "true"
		Release.AspNetCompiler.ForceOverwrite = "true"
		Release.AspNetCompiler.FixedNames = "false"
		Release.AspNetCompiler.Debug = "False"
		VWDPort = "15726"
		DefaultWebSiteLanguage = "Visual C#"
	EndProjectSection
EndProject
Project("{FAE04EC0-301F-11D3-BF4B-00C04F79EFBC}") = "Tetris", "Tetris\Tetris.csproj", "{171A65AF-350C-456F-9166-789EAF235B5D}"
EndProject
Global
	GlobalSection(SolutionConfigurationPlatforms) = preSolution
		Debug|Any CPU = Debug|Any CPU
		Release|Any CPU = Release|Any CPU
	EndGlobalSection
	GlobalSection(ProjectConfigurationPlatforms) = postSolution
		{081D2A01-D37A-4841-89C9-D8D8518329BC}.Debug|Any CPU.ActiveCfg = Debug|Any CPU
		{081D2A01-D37A-4841-89C9-D8D8518329BC}.Debug|Any CPU.Build.0 = Debug|Any CPU
		{081D2A01-D37A-4841-89C9-D8D8518329BC}.Release|Any CPU.ActiveCfg = Debug|Any CPU
		{081D2A01-D37A-4841-89C9-D8D8518329BC}.Release|Any CPU.Build.0 = Debug|Any CPU
		{171A65AF-350C-456F-9166-789EAF235B5D}.Debug|Any CPU.ActiveCfg = Debug|Any CPU
		{171A65AF-350C-456F-9166-789EAF235B5D}.Debug|Any CPU.Build.0 = Debug|Any CPU
		{171A65AF-350C-456F-9166-789EAF235B5D}.Release|Any CPU.ActiveCfg = Release|Any CPU
		{171A65AF-350C-456F-9166-789EAF235B5D}.Release|Any CPU.Build.0 = Release|Any CPU
	EndGlobalSection
	GlobalSection(SolutionProperties) = preSolution
		HideSolutionNode = FALSE
	EndGlobalSection
EndGlobal
